# This file is automatically @generated by Cargo.
# It is not intended for manual editing.
version = 4

[[package]]
name = "collections"
version = "0.1.0"

[[package]]
name = "control_flow"
version = "0.1.0"

[[package]]
name = "custom_types"
version = "0.1.0"

[[package]]
name = "error_handling"
version = "0.1.0"

[[package]]
name = "functions"
version = "0.1.0"

[[package]]
name = "hello_world"
version = "0.1.0"

[[package]]
name = "ownership_borrowing"
version = "0.1.0"

[[package]]
name = "primitives"
version = "0.1.0"

[[package]]
name = "variable_bindings"
version = "0.1.0"
